
Microsoft Visual Studio Solution File, Format Version 12.00
# Visual Studio Version 17
VisualStudioVersion = 17.0.31903.59
MinimumVisualStudioVersion = 10.0.40219.1
Project("{FAE04EC0-301F-11D3-BF4B-00C04F79EFBC}") = "FinanceReport.App", "FinanceReport.App\FinanceReport.App.csproj", "{FB97B5A7-CD9B-4C6E-AF21-BE75403101DC}"
EndProject
Project("{FAE04EC0-301F-11D3-BF4B-00C04F79EFBC}") = "FinanceReport.Core", "FinanceReport.Core\FinanceReport.Core.csproj", "{C6E28E3E-AA5A-4314-BB10-8D46C263AEB7}"
EndProject
Global
	GlobalSection(SolutionConfigurationPlatforms) = preSolution
		Debug|Any CPU = Debug|Any CPU
		Debug|x64 = Debug|x64
		Debug|x86 = Debug|x86
		Release|Any CPU = Release|Any CPU
		Release|x64 = Release|x64
		Release|x86 = Release|x86
	EndGlobalSection
	GlobalSection(ProjectConfigurationPlatforms) = postSolution
		{FB97B5A7-CD9B-4C6E-AF21-BE75403101DC}.Debug|Any CPU.ActiveCfg = Debug|Any CPU
		{FB97B5A7-CD9B-4C6E-AF21-BE75403101DC}.Debug|Any CPU.Build.0 = Debug|Any CPU
		{FB97B5A7-CD9B-4C6E-AF21-BE75403101DC}.Debug|x64.ActiveCfg = Debug|Any CPU
		{FB97B5A7-CD9B-4C6E-AF21-BE75403101DC}.Debug|x64.Build.0 = Debug|Any CPU
		{FB97B5A7-CD9B-4C6E-AF21-BE75403101DC}.Debug|x86.ActiveCfg = Debug|Any CPU
		{FB97B5A7-CD9B-4C6E-AF21-BE75403101DC}.Debug|x86.Build.0 = Debug|Any CPU
		{FB97B5A7-CD9B-4C6E-AF21-BE75403101DC}.Release|Any CPU.ActiveCfg = Release|Any CPU
		{FB97B5A7-CD9B-4C6E-AF21-BE75403101DC}.Release|Any CPU.Build.0 = Release|Any CPU
		{FB97B5A7-CD9B-4C6E-AF21-BE75403101DC}.Release|x64.ActiveCfg = Release|Any CPU
		{FB97B5A7-CD9B-4C6E-AF21-BE75403101DC}.Release|x64.Build.0 = Release|Any CPU
		{FB97B5A7-CD9B-4C6E-AF21-BE75403101DC}.Release|x86.ActiveCfg = Release|Any CPU
		{FB97B5A7-CD9B-4C6E-AF21-BE75403101DC}.Release|x86.Build.0 = Release|Any CPU
		{C6E28E3E-AA5A-4314-BB10-8D46C263AEB7}.Debug|Any CPU.ActiveCfg = Debug|Any CPU
		{C6E28E3E-AA5A-4314-BB10-8D46C263AEB7}.Debug|Any CPU.Build.0 = Debug|Any CPU
		{C6E28E3E-AA5A-4314-BB10-8D46C263AEB7}.Debug|x64.ActiveCfg = Debug|Any CPU
		{C6E28E3E-AA5A-4314-BB10-8D46C263AEB7}.Debug|x64.Build.0 = Debug|Any CPU
		{C6E28E3E-AA5A-4314-BB10-8D46C263AEB7}.Debug|x86.ActiveCfg = Debug|Any CPU
		{C6E28E3E-AA5A-4314-BB10-8D46C263AEB7}.Debug|x86.Build.0 = Debug|Any CPU
		{C6E28E3E-AA5A-4314-BB10-8D46C263AEB7}.Release|Any CPU.ActiveCfg = Release|Any CPU
		{C6E28E3E-AA5A-4314-BB10-8D46C263AEB7}.Release|Any CPU.Build.0 = Release|Any CPU
		{C6E28E3E-AA5A-4314-BB10-8D46C263AEB7}.Release|x64.ActiveCfg = Release|Any CPU
		{C6E28E3E-AA5A-4314-BB10-8D46C263AEB7}.Release|x64.Build.0 = Release|Any CPU
		{C6E28E3E-AA5A-4314-BB10-8D46C263AEB7}.Release|x86.ActiveCfg = Release|Any CPU
		{C6E28E3E-AA5A-4314-BB10-8D46C263AEB7}.Release|x86.Build.0 = Release|Any CPU
	EndGlobalSection
	GlobalSection(SolutionProperties) = preSolution
		HideSolutionNode = FALSE
	EndGlobalSection
EndGlobal
